
Microsoft Visual Studio Solution File, Format Version 12.00
# Visual Studio Version 17
VisualStudioVersion = 17.10.35013.160
MinimumVisualStudioVersion = 10.0.40219.1
Project("{FAE04EC0-301F-11D3-BF4B-00C04F79EFBC}") = "CatchAndCast.Data", "CatchAndCast.Data\CatchAndCast.Data.csproj", "{0683DB8A-E549-488B-8691-644D36AD360F}"
EndProject
Project("{FAE04EC0-301F-11D3-BF4B-00C04F79EFBC}") = "CatchAndCast.Api", "CatchAndCast.Api\CatchAndCast.Api.csproj", "{877845C6-B550-4742-85A6-50987AEA8335}"
EndProject
Project("{FAE04EC0-301F-11D3-BF4B-00C04F79EFBC}") = "CatchAndCast.Service", "CatchAndCast.Service\CatchAndCast.Service.csproj", "{BE029A5B-A9AA-42B2-B349-58697780AD8C}"
EndProject
Global
	GlobalSection(SolutionConfigurationPlatforms) = preSolution
		Debug|Any CPU = Debug|Any CPU
		Release|Any CPU = Release|Any CPU
	EndGlobalSection
	GlobalSection(ProjectConfigurationPlatforms) = postSolution
		{0683DB8A-E549-488B-8691-644D36AD360F}.Debug|Any CPU.ActiveCfg = Debug|Any CPU
		{0683DB8A-E549-488B-8691-644D36AD360F}.Debug|Any CPU.Build.0 = Debug|Any CPU
		{0683DB8A-E549-488B-8691-644D36AD360F}.Release|Any CPU.ActiveCfg = Release|Any CPU
		{0683DB8A-E549-488B-8691-644D36AD360F}.Release|Any CPU.Build.0 = Release|Any CPU
		{877845C6-B550-4742-85A6-50987AEA8335}.Debug|Any CPU.ActiveCfg = Debug|Any CPU
		{877845C6-B550-4742-85A6-50987AEA8335}.Debug|Any CPU.Build.0 = Debug|Any CPU
		{877845C6-B550-4742-85A6-50987AEA8335}.Release|Any CPU.ActiveCfg = Release|Any CPU
		{877845C6-B550-4742-85A6-50987AEA8335}.Release|Any CPU.Build.0 = Release|Any CPU
		{BE029A5B-A9AA-42B2-B349-58697780AD8C}.Debug|Any CPU.ActiveCfg = Debug|Any CPU
		{BE029A5B-A9AA-42B2-B349-58697780AD8C}.Debug|Any CPU.Build.0 = Debug|Any CPU
		{BE029A5B-A9AA-42B2-B349-58697780AD8C}.Release|Any CPU.ActiveCfg = Release|Any CPU
		{BE029A5B-A9AA-42B2-B349-58697780AD8C}.Release|Any CPU.Build.0 = Release|Any CPU
	EndGlobalSection
	GlobalSection(SolutionProperties) = preSolution
		HideSolutionNode = FALSE
	EndGlobalSection
	GlobalSection(ExtensibilityGlobals) = postSolution
		SolutionGuid = {8B75257B-84E1-40E8-9E04-E45D050A9C39}
	EndGlobalSection
EndGlobal
